
Microsoft Visual Studio Solution File, Format Version 12.00
# Visual Studio Express 14 for Windows Desktop
VisualStudioVersion = 14.0.24720.0
MinimumVisualStudioVersion = 10.0.40219.1
Project("{F184B08F-C81C-45F6-A57F-5ABD9991F28F}") = "Craftbyte Mod IDE", "CMI\Craftbyte Mod IDE.vbproj", "{2287BEC0-D4F6-4D90-9FB1-01B02C46CC8B}"
EndProject
Global
	GlobalSection(SolutionConfigurationPlatforms) = preSolution
		Debug|Any CPU = Debug|Any CPU
		Release|Any CPU = Release|Any CPU
	EndGlobalSection
	GlobalSection(ProjectConfigurationPlatforms) = postSolution
		{2287BEC0-D4F6-4D90-9FB1-01B02C46CC8B}.Debug|Any CPU.ActiveCfg = Debug|Any CPU
		{2287BEC0-D4F6-4D90-9FB1-01B02C46CC8B}.Debug|Any CPU.Build.0 = Debug|Any CPU
		{2287BEC0-D4F6-4D90-9FB1-01B02C46CC8B}.Release|Any CPU.ActiveCfg = Release|Any CPU
		{2287BEC0-D4F6-4D90-9FB1-01B02C46CC8B}.Release|Any CPU.Build.0 = Release|Any CPU
	EndGlobalSection
	GlobalSection(SolutionProperties) = preSolution
		HideSolutionNode = FALSE
	EndGlobalSection
EndGlobal
